
Microsoft Visual Studio Solution File, Format Version 12.00
# Visual Studio Version 16
VisualStudioVersion = 16.0.28803.156
MinimumVisualStudioVersion = 10.0.40219.1
Project("{FAE04EC0-301F-11D3-BF4B-00C04F79EFBC}") = "MyDemoList", "MyDemoList.csproj", "{3F99D189-41C8-4D88-8A0C-66062A2F5845}"
EndProject
Project("{9A19103F-16F7-4668-BE54-9A1E7A4F7556}") = "Zlib.NetCore", "ZipNetCore\Zlib.NetCore.csproj", "{2EF8BFD9-34E7-4708-969D-5E7063B5C01C}"
EndProject
Project("{FAE04EC0-301F-11D3-BF4B-00C04F79EFBC}") = "闲鱼", "..\闲鱼\闲鱼.csproj", "{FCD9ED4F-C280-4D43-BAB1-555194BDD9CF}"
EndProject
Global
	GlobalSection(SolutionConfigurationPlatforms) = preSolution
		Debug|Any CPU = Debug|Any CPU
		Release|Any CPU = Release|Any CPU
	EndGlobalSection
	GlobalSection(ProjectConfigurationPlatforms) = postSolution
		{3F99D189-41C8-4D88-8A0C-66062A2F5845}.Debug|Any CPU.ActiveCfg = Debug|Any CPU
		{3F99D189-41C8-4D88-8A0C-66062A2F5845}.Debug|Any CPU.Build.0 = Debug|Any CPU
		{3F99D189-41C8-4D88-8A0C-66062A2F5845}.Release|Any CPU.ActiveCfg = Release|Any CPU
		{3F99D189-41C8-4D88-8A0C-66062A2F5845}.Release|Any CPU.Build.0 = Release|Any CPU
		{2EF8BFD9-34E7-4708-969D-5E7063B5C01C}.Debug|Any CPU.ActiveCfg = Debug|Any CPU
		{2EF8BFD9-34E7-4708-969D-5E7063B5C01C}.Debug|Any CPU.Build.0 = Debug|Any CPU
		{2EF8BFD9-34E7-4708-969D-5E7063B5C01C}.Release|Any CPU.ActiveCfg = Release|Any CPU
		{2EF8BFD9-34E7-4708-969D-5E7063B5C01C}.Release|Any CPU.Build.0 = Release|Any CPU
		{FCD9ED4F-C280-4D43-BAB1-555194BDD9CF}.Debug|Any CPU.ActiveCfg = Debug|Any CPU
		{FCD9ED4F-C280-4D43-BAB1-555194BDD9CF}.Debug|Any CPU.Build.0 = Debug|Any CPU
		{FCD9ED4F-C280-4D43-BAB1-555194BDD9CF}.Release|Any CPU.ActiveCfg = Release|Any CPU
		{FCD9ED4F-C280-4D43-BAB1-555194BDD9CF}.Release|Any CPU.Build.0 = Release|Any CPU
	EndGlobalSection
	GlobalSection(SolutionProperties) = preSolution
		HideSolutionNode = FALSE
	EndGlobalSection
	GlobalSection(ExtensibilityGlobals) = postSolution
		SolutionGuid = {47D5E7A6-7D5B-491B-8EBD-C674EA6FBB87}
	EndGlobalSection
EndGlobal
